
Microsoft Visual Studio Solution File, Format Version 12.00
# Visual Studio 15
VisualStudioVersion = 15.0.27703.2042
MinimumVisualStudioVersion = 10.0.40219.1
Project("{FAE04EC0-301F-11D3-BF4B-00C04F79EFBC}") = "BinaryConverter", "BinaryConverter\BinaryConverter.csproj", "{731DBBB0-E7C1-4F97-A900-AAE142251F44}"
EndProject
Global
	GlobalSection(SolutionConfigurationPlatforms) = preSolution
		Debug|Any CPU = Debug|Any CPU
		Release|Any CPU = Release|Any CPU
	EndGlobalSection
	GlobalSection(ProjectConfigurationPlatforms) = postSolution
		{731DBBB0-E7C1-4F97-A900-AAE142251F44}.Debug|Any CPU.ActiveCfg = Debug|Any CPU
		{731DBBB0-E7C1-4F97-A900-AAE142251F44}.Debug|Any CPU.Build.0 = Debug|Any CPU
		{731DBBB0-E7C1-4F97-A900-AAE142251F44}.Release|Any CPU.ActiveCfg = Release|Any CPU
		{731DBBB0-E7C1-4F97-A900-AAE142251F44}.Release|Any CPU.Build.0 = Release|Any CPU
	EndGlobalSection
	GlobalSection(SolutionProperties) = preSolution
		HideSolutionNode = FALSE
	EndGlobalSection
	GlobalSection(ExtensibilityGlobals) = postSolution
		SolutionGuid = {BD17C394-7B13-42F9-8672-F06BDCD99C31}
	EndGlobalSection
EndGlobal
